
Microsoft Visual Studio Solution File, Format Version 12.00
# Visual Studio Version 16
VisualStudioVersion = 16.0.30204.135
MinimumVisualStudioVersion = 10.0.40219.1
Project("{FAE04EC0-301F-11D3-BF4B-00C04F79EFBC}") = "Fishy", "Fishy\Fishy.csproj", "{97E629F5-2378-42E1-99D5-C0789D66072A}"
EndProject
Global
	GlobalSection(SolutionConfigurationPlatforms) = preSolution
		Debug|Any CPU = Debug|Any CPU
		Release|Any CPU = Release|Any CPU
	EndGlobalSection
	GlobalSection(ProjectConfigurationPlatforms) = postSolution
		{97E629F5-2378-42E1-99D5-C0789D66072A}.Debug|Any CPU.ActiveCfg = Debug|Any CPU
		{97E629F5-2378-42E1-99D5-C0789D66072A}.Debug|Any CPU.Build.0 = Debug|Any CPU
		{97E629F5-2378-42E1-99D5-C0789D66072A}.Release|Any CPU.ActiveCfg = Release|Any CPU
		{97E629F5-2378-42E1-99D5-C0789D66072A}.Release|Any CPU.Build.0 = Release|Any CPU
	EndGlobalSection
	GlobalSection(SolutionProperties) = preSolution
		HideSolutionNode = FALSE
	EndGlobalSection
	GlobalSection(ExtensibilityGlobals) = postSolution
		SolutionGuid = {471A5CE7-5379-48F0-89CB-E917406B98A4}
	EndGlobalSection
EndGlobal
