
Microsoft Visual Studio Solution File, Format Version 12.00
# Visual Studio Version 16
VisualStudioVersion = 16.0.30204.135
MinimumVisualStudioVersion = 10.0.40219.1
Project("{FAE04EC0-301F-11D3-BF4B-00C04F79EFBC}") = "Fishy", "Fishy\Fishy.csproj", "{97E629F5-2378-42E1-99D5-C0789D66072A}"
EndProject
Project("{FAE04EC0-301F-11D3-BF4B-00C04F79EFBC}") = "Server", "Server\Server.csproj", "{7949E048-D876-44F4-887B-D9D52B96C14C}"
EndProject
Project("{FAE04EC0-301F-11D3-BF4B-00C04F79EFBC}") = "Fishy-Model", "Fishy-Model\Fishy-Model.csproj", "{BBEB8BE9-F416-424C-A9D6-C24033B08C64}"
EndProject
Project("{FAE04EC0-301F-11D3-BF4B-00C04F79EFBC}") = "XUnitTest", "XUnitTest\XUnitTest.csproj", "{290784A8-EFE0-4D5F-A036-4AD1850A330C}"
EndProject
Project("{FAE04EC0-301F-11D3-BF4B-00C04F79EFBC}") = "Console", "Console\Console.csproj", "{3B85063D-7289-4254-B96E-6C785550F250}"
EndProject
Global
	GlobalSection(SolutionConfigurationPlatforms) = preSolution
		Debug|Any CPU = Debug|Any CPU
		Release|Any CPU = Release|Any CPU
	EndGlobalSection
	GlobalSection(ProjectConfigurationPlatforms) = postSolution
		{97E629F5-2378-42E1-99D5-C0789D66072A}.Debug|Any CPU.ActiveCfg = Debug|Any CPU
		{97E629F5-2378-42E1-99D5-C0789D66072A}.Debug|Any CPU.Build.0 = Debug|Any CPU
		{97E629F5-2378-42E1-99D5-C0789D66072A}.Release|Any CPU.ActiveCfg = Release|Any CPU
		{97E629F5-2378-42E1-99D5-C0789D66072A}.Release|Any CPU.Build.0 = Release|Any CPU
		{7949E048-D876-44F4-887B-D9D52B96C14C}.Debug|Any CPU.ActiveCfg = Debug|Any CPU
		{7949E048-D876-44F4-887B-D9D52B96C14C}.Debug|Any CPU.Build.0 = Debug|Any CPU
		{7949E048-D876-44F4-887B-D9D52B96C14C}.Release|Any CPU.ActiveCfg = Release|Any CPU
		{7949E048-D876-44F4-887B-D9D52B96C14C}.Release|Any CPU.Build.0 = Release|Any CPU
		{BBEB8BE9-F416-424C-A9D6-C24033B08C64}.Debug|Any CPU.ActiveCfg = Debug|Any CPU
		{BBEB8BE9-F416-424C-A9D6-C24033B08C64}.Debug|Any CPU.Build.0 = Debug|Any CPU
		{BBEB8BE9-F416-424C-A9D6-C24033B08C64}.Release|Any CPU.ActiveCfg = Release|Any CPU
		{BBEB8BE9-F416-424C-A9D6-C24033B08C64}.Release|Any CPU.Build.0 = Release|Any CPU
		{290784A8-EFE0-4D5F-A036-4AD1850A330C}.Debug|Any CPU.ActiveCfg = Debug|Any CPU
		{290784A8-EFE0-4D5F-A036-4AD1850A330C}.Debug|Any CPU.Build.0 = Debug|Any CPU
		{290784A8-EFE0-4D5F-A036-4AD1850A330C}.Release|Any CPU.ActiveCfg = Release|Any CPU
		{290784A8-EFE0-4D5F-A036-4AD1850A330C}.Release|Any CPU.Build.0 = Release|Any CPU
		{3B85063D-7289-4254-B96E-6C785550F250}.Debug|Any CPU.ActiveCfg = Debug|Any CPU
		{3B85063D-7289-4254-B96E-6C785550F250}.Debug|Any CPU.Build.0 = Debug|Any CPU
		{3B85063D-7289-4254-B96E-6C785550F250}.Release|Any CPU.ActiveCfg = Release|Any CPU
		{3B85063D-7289-4254-B96E-6C785550F250}.Release|Any CPU.Build.0 = Release|Any CPU
	EndGlobalSection
	GlobalSection(SolutionProperties) = preSolution
		HideSolutionNode = FALSE
	EndGlobalSection
	GlobalSection(ExtensibilityGlobals) = postSolution
		SolutionGuid = {471A5CE7-5379-48F0-89CB-E917406B98A4}
	EndGlobalSection
EndGlobal
